// !$*UTF8*$!
{
	archiveVersion = 1;
	classes = {
	};
	objectVersion = 46;
	objects = {

/* Begin PBXBuildFile section */
		7A0064BD1D3E92D60089297D /* Main iOS.swift in Sources */ = {isa = PBXBuildFile; fileRef = 7A0064BC1D3E92D60089297D /* Main iOS.swift */; };
		7A0064CD1D3E9AF10089297D /* MBLibrary macOS.h in Headers */ = {isa = PBXBuildFile; fileRef = 7A0064CC1D3E9AF10089297D /* MBLibrary macOS.h */; settings = {ATTRIBUTES = (Public, ); }; };
		7A0064E41D3E9BFA0089297D /* MBLibrary.framework in Frameworks */ = {isa = PBXBuildFile; fileRef = 7A0064CA1D3E9AF00089297D /* MBLibrary.framework */; };
		7A0065011D3EB02B0089297D /* MBLibrary watchOS.h in Headers */ = {isa = PBXBuildFile; fileRef = 7A0065001D3EB02B0089297D /* MBLibrary watchOS.h */; settings = {ATTRIBUTES = (Public, ); }; };
		7A0065271D3EB4FD0089297D /* ComplexTests.swift in Sources */ = {isa = PBXBuildFile; fileRef = 7A0065251D3EB4FD0089297D /* ComplexTests.swift */; };
		7A0065281D3EB4FD0089297D /* StringTests.swift in Sources */ = {isa = PBXBuildFile; fileRef = 7A0065261D3EB4FD0089297D /* StringTests.swift */; };
		7A00652A1D3EB5670089297D /* DoubleTests.swift in Sources */ = {isa = PBXBuildFile; fileRef = 7A0065291D3EB5670089297D /* DoubleTests.swift */; };
		7A00652F1D3EB9A40089297D /* DateTests.swift in Sources */ = {isa = PBXBuildFile; fileRef = 7A00652E1D3EB9A40089297D /* DateTests.swift */; };
		7A0065311D3EBB270089297D /* TimeIntervalTests.swift in Sources */ = {isa = PBXBuildFile; fileRef = 7A0065301D3EBB270089297D /* TimeIntervalTests.swift */; };
		7A0065331D3EBC310089297D /* ArrayTests.swift in Sources */ = {isa = PBXBuildFile; fileRef = 7A0065321D3EBC310089297D /* ArrayTests.swift */; };
		7A0C41C31D55398C0082AEAE /* InAppPurchaseManager.swift in Sources */ = {isa = PBXBuildFile; fileRef = 7A75AECE1D5525300034B4EA /* InAppPurchaseManager.swift */; };
		7A19E0901D5753BD009AFD27 /* UIAlertController.swift in Sources */ = {isa = PBXBuildFile; fileRef = 7A19E08F1D5753BD009AFD27 /* UIAlertController.swift */; };
		7A1ACD021D3F973A00411C2C /* TitlelessWindow.swift in Sources */ = {isa = PBXBuildFile; fileRef = 7A1ACCFF1D3F973A00411C2C /* TitlelessWindow.swift */; };
		7A1ACD031D3F973A00411C2C /* MinHeightTextField.swift in Sources */ = {isa = PBXBuildFile; fileRef = 7A1ACD001D3F973A00411C2C /* MinHeightTextField.swift */; };
		7A1ACD041D3F973A00411C2C /* FlippedView.swift in Sources */ = {isa = PBXBuildFile; fileRef = 7A1ACD011D3F973A00411C2C /* FlippedView.swift */; };
		7A2F5B001D3FABFB0012F485 /* PopoverController.swift in Sources */ = {isa = PBXBuildFile; fileRef = 7A2F5AFF1D3FABFB0012F485 /* PopoverController.swift */; };
		7A2F5B051D3FB1250012F485 /* EnhancedTextField.swift in Sources */ = {isa = PBXBuildFile; fileRef = 7A2F5B031D3FB1250012F485 /* EnhancedTextField.swift */; };
		7A2F5B061D3FB1250012F485 /* SlidingLabel.swift in Sources */ = {isa = PBXBuildFile; fileRef = 7A2F5B041D3FB1250012F485 /* SlidingLabel.swift */; };
		7A3994791D3F5C47000665A0 /* DictionaryTests.swift in Sources */ = {isa = PBXBuildFile; fileRef = 7A3994781D3F5C47000665A0 /* DictionaryTests.swift */; };
		7A39947B1D3F5CF8000665A0 /* MiscTests.swift in Sources */ = {isa = PBXBuildFile; fileRef = 7A39947A1D3F5CF8000665A0 /* MiscTests.swift */; };
		7A39949B1D3F5F3D000665A0 /* Array.swift in Sources */ = {isa = PBXBuildFile; fileRef = 7A3994911D3F5F3D000665A0 /* Array.swift */; };
		7A39949C1D3F5F3D000665A0 /* Array.swift in Sources */ = {isa = PBXBuildFile; fileRef = 7A3994911D3F5F3D000665A0 /* Array.swift */; };
		7A39949D1D3F5F3D000665A0 /* Array.swift in Sources */ = {isa = PBXBuildFile; fileRef = 7A3994911D3F5F3D000665A0 /* Array.swift */; };
		7A39949E1D3F5F3D000665A0 /* Array.swift in Sources */ = {isa = PBXBuildFile; fileRef = 7A3994911D3F5F3D000665A0 /* Array.swift */; };
		7A39949F1D3F5F3D000665A0 /* Complex.swift in Sources */ = {isa = PBXBuildFile; fileRef = 7A3994921D3F5F3D000665A0 /* Complex.swift */; };
		7A3994A01D3F5F3D000665A0 /* Complex.swift in Sources */ = {isa = PBXBuildFile; fileRef = 7A3994921D3F5F3D000665A0 /* Complex.swift */; };
		7A3994A11D3F5F3D000665A0 /* Complex.swift in Sources */ = {isa = PBXBuildFile; fileRef = 7A3994921D3F5F3D000665A0 /* Complex.swift */; };
		7A3994A21D3F5F3D000665A0 /* Complex.swift in Sources */ = {isa = PBXBuildFile; fileRef = 7A3994921D3F5F3D000665A0 /* Complex.swift */; };
		7A3994A31D3F5F3D000665A0 /* Date.swift in Sources */ = {isa = PBXBuildFile; fileRef = 7A3994931D3F5F3D000665A0 /* Date.swift */; };
		7A3994A41D3F5F3D000665A0 /* Date.swift in Sources */ = {isa = PBXBuildFile; fileRef = 7A3994931D3F5F3D000665A0 /* Date.swift */; };
		7A3994A51D3F5F3D000665A0 /* Date.swift in Sources */ = {isa = PBXBuildFile; fileRef = 7A3994931D3F5F3D000665A0 /* Date.swift */; };
		7A3994A61D3F5F3D000665A0 /* Date.swift in Sources */ = {isa = PBXBuildFile; fileRef = 7A3994931D3F5F3D000665A0 /* Date.swift */; };
		7A3994A71D3F5F3D000665A0 /* Dictionary.swift in Sources */ = {isa = PBXBuildFile; fileRef = 7A3994941D3F5F3D000665A0 /* Dictionary.swift */; };
		7A3994A81D3F5F3D000665A0 /* Dictionary.swift in Sources */ = {isa = PBXBuildFile; fileRef = 7A3994941D3F5F3D000665A0 /* Dictionary.swift */; };
		7A3994A91D3F5F3D000665A0 /* Dictionary.swift in Sources */ = {isa = PBXBuildFile; fileRef = 7A3994941D3F5F3D000665A0 /* Dictionary.swift */; };
		7A3994AA1D3F5F3D000665A0 /* Dictionary.swift in Sources */ = {isa = PBXBuildFile; fileRef = 7A3994941D3F5F3D000665A0 /* Dictionary.swift */; };
		7A3994AB1D3F5F3D000665A0 /* DispatchQueue.swift in Sources */ = {isa = PBXBuildFile; fileRef = 7A3994951D3F5F3D000665A0 /* DispatchQueue.swift */; };
		7A3994AC1D3F5F3D000665A0 /* DispatchQueue.swift in Sources */ = {isa = PBXBuildFile; fileRef = 7A3994951D3F5F3D000665A0 /* DispatchQueue.swift */; };
		7A3994AD1D3F5F3D000665A0 /* DispatchQueue.swift in Sources */ = {isa = PBXBuildFile; fileRef = 7A3994951D3F5F3D000665A0 /* DispatchQueue.swift */; };
		7A3994AE1D3F5F3D000665A0 /* DispatchQueue.swift in Sources */ = {isa = PBXBuildFile; fileRef = 7A3994951D3F5F3D000665A0 /* DispatchQueue.swift */; };
		7A3994AF1D3F5F3D000665A0 /* Double.swift in Sources */ = {isa = PBXBuildFile; fileRef = 7A3994961D3F5F3D000665A0 /* Double.swift */; };
		7A3994B01D3F5F3D000665A0 /* Double.swift in Sources */ = {isa = PBXBuildFile; fileRef = 7A3994961D3F5F3D000665A0 /* Double.swift */; };
		7A3994B11D3F5F3D000665A0 /* Double.swift in Sources */ = {isa = PBXBuildFile; fileRef = 7A3994961D3F5F3D000665A0 /* Double.swift */; };
		7A3994B21D3F5F3D000665A0 /* Double.swift in Sources */ = {isa = PBXBuildFile; fileRef = 7A3994961D3F5F3D000665A0 /* Double.swift */; };
		7A3994B31D3F5F3D000665A0 /* Main.swift in Sources */ = {isa = PBXBuildFile; fileRef = 7A3994971D3F5F3D000665A0 /* Main.swift */; };
		7A3994B41D3F5F3D000665A0 /* Main.swift in Sources */ = {isa = PBXBuildFile; fileRef = 7A3994971D3F5F3D000665A0 /* Main.swift */; };
		7A3994B51D3F5F3D000665A0 /* Main.swift in Sources */ = {isa = PBXBuildFile; fileRef = 7A3994971D3F5F3D000665A0 /* Main.swift */; };
		7A3994B61D3F5F3D000665A0 /* Main.swift in Sources */ = {isa = PBXBuildFile; fileRef = 7A3994971D3F5F3D000665A0 /* Main.swift */; };
		7A3994B71D3F5F3D000665A0 /* Misc.swift in Sources */ = {isa = PBXBuildFile; fileRef = 7A3994981D3F5F3D000665A0 /* Misc.swift */; };
		7A3994B81D3F5F3D000665A0 /* Misc.swift in Sources */ = {isa = PBXBuildFile; fileRef = 7A3994981D3F5F3D000665A0 /* Misc.swift */; };
		7A3994B91D3F5F3D000665A0 /* Misc.swift in Sources */ = {isa = PBXBuildFile; fileRef = 7A3994981D3F5F3D000665A0 /* Misc.swift */; };
		7A3994BA1D3F5F3D000665A0 /* Misc.swift in Sources */ = {isa = PBXBuildFile; fileRef = 7A3994981D3F5F3D000665A0 /* Misc.swift */; };
		7A3994BB1D3F5F3D000665A0 /* String.swift in Sources */ = {isa = PBXBuildFile; fileRef = 7A3994991D3F5F3D000665A0 /* String.swift */; };
		7A3994BC1D3F5F3D000665A0 /* String.swift in Sources */ = {isa = PBXBuildFile; fileRef = 7A3994991D3F5F3D000665A0 /* String.swift */; };
		7A3994BD1D3F5F3D000665A0 /* String.swift in Sources */ = {isa = PBXBuildFile; fileRef = 7A3994991D3F5F3D000665A0 /* String.swift */; };
		7A3994BE1D3F5F3D000665A0 /* String.swift in Sources */ = {isa = PBXBuildFile; fileRef = 7A3994991D3F5F3D000665A0 /* String.swift */; };
		7A3994BF1D3F5F3D000665A0 /* TimeInterval.swift in Sources */ = {isa = PBXBuildFile; fileRef = 7A39949A1D3F5F3D000665A0 /* TimeInterval.swift */; };
		7A3994C01D3F5F3D000665A0 /* TimeInterval.swift in Sources */ = {isa = PBXBuildFile; fileRef = 7A39949A1D3F5F3D000665A0 /* TimeInterval.swift */; };
		7A3994C11D3F5F3D000665A0 /* TimeInterval.swift in Sources */ = {isa = PBXBuildFile; fileRef = 7A39949A1D3F5F3D000665A0 /* TimeInterval.swift */; };
		7A3994C21D3F5F3D000665A0 /* TimeInterval.swift in Sources */ = {isa = PBXBuildFile; fileRef = 7A39949A1D3F5F3D000665A0 /* TimeInterval.swift */; };
		7A4CE39B1D3F734000DAAE70 /* Main iOS & macOS.swift in Sources */ = {isa = PBXBuildFile; fileRef = 7A4CE39A1D3F734000DAAE70 /* Main iOS & macOS.swift */; };
		7A4CE39C1D3F734000DAAE70 /* Main iOS & macOS.swift in Sources */ = {isa = PBXBuildFile; fileRef = 7A4CE39A1D3F734000DAAE70 /* Main iOS & macOS.swift */; };
		7A4CE39D1D3F734000DAAE70 /* Main iOS & macOS.swift in Sources */ = {isa = PBXBuildFile; fileRef = 7A4CE39A1D3F734000DAAE70 /* Main iOS & macOS.swift */; };
		7A4CE3A41D3F73BF00DAAE70 /* NSView.swift in Sources */ = {isa = PBXBuildFile; fileRef = 7A4CE3A31D3F73BF00DAAE70 /* NSView.swift */; };
		7A4CE3A61D3F73FA00DAAE70 /* NSTextField.swift in Sources */ = {isa = PBXBuildFile; fileRef = 7A4CE3A51D3F73FA00DAAE70 /* NSTextField.swift */; };
		7A4CE3A81D3F741700DAAE70 /* NSFont.swift in Sources */ = {isa = PBXBuildFile; fileRef = 7A4CE3A71D3F741700DAAE70 /* NSFont.swift */; };
		7A4CE3AA1D3F746000DAAE70 /* UIView.swift in Sources */ = {isa = PBXBuildFile; fileRef = 7A4CE3A91D3F746000DAAE70 /* UIView.swift */; };
		7A4CE3AC1D3F748D00DAAE70 /* UILabel.swift in Sources */ = {isa = PBXBuildFile; fileRef = 7A4CE3AB1D3F748D00DAAE70 /* UILabel.swift */; };
		7A4CE3AE1D3F74BB00DAAE70 /* UIFont.swift in Sources */ = {isa = PBXBuildFile; fileRef = 7A4CE3AD1D3F74BB00DAAE70 /* UIFont.swift */; };
		7A4CE3B01D3F752800DAAE70 /* KeyValueStore.swift in Sources */ = {isa = PBXBuildFile; fileRef = 7A4CE3AF1D3F752800DAAE70 /* KeyValueStore.swift */; };
		7A4CE3B11D3F752800DAAE70 /* KeyValueStore.swift in Sources */ = {isa = PBXBuildFile; fileRef = 7A4CE3AF1D3F752800DAAE70 /* KeyValueStore.swift */; };
		7A4CE3B21D3F752800DAAE70 /* KeyValueStore.swift in Sources */ = {isa = PBXBuildFile; fileRef = 7A4CE3AF1D3F752800DAAE70 /* KeyValueStore.swift */; };
		7A4CE3B31D3F752800DAAE70 /* KeyValueStore.swift in Sources */ = {isa = PBXBuildFile; fileRef = 7A4CE3AF1D3F752800DAAE70 /* KeyValueStore.swift */; };
		7A584FA81D3E241C000C739B /* MBLibrary iOS.h in Headers */ = {isa = PBXBuildFile; fileRef = 7A584FA71D3E241C000C739B /* MBLibrary iOS.h */; settings = {ATTRIBUTES = (Public, ); }; };
		7A75AECF1D5525300034B4EA /* InAppPurchaseManager.swift in Sources */ = {isa = PBXBuildFile; fileRef = 7A75AECE1D5525300034B4EA /* InAppPurchaseManager.swift */; };
		7A75AED31D5525470034B4EA /* StoreKit.framework in Frameworks */ = {isa = PBXBuildFile; fileRef = 7A75AED21D5525470034B4EA /* StoreKit.framework */; };
		7A75AED51D55255B0034B4EA /* StoreKit.framework in Frameworks */ = {isa = PBXBuildFile; fileRef = 7A75AED41D55255B0034B4EA /* StoreKit.framework */; };
		7A75FB691D3E61B100F66CF9 /* MinHeightTextView.swift in Sources */ = {isa = PBXBuildFile; fileRef = 7A75FB681D3E61B100F66CF9 /* MinHeightTextView.swift */; };
		7A83150C1D4241FD000F35AE /* FAQController.swift in Sources */ = {isa = PBXBuildFile; fileRef = 7A83150B1D4241FD000F35AE /* FAQController.swift */; };
		7A83150D1D4241FD000F35AE /* FAQController.swift in Sources */ = {isa = PBXBuildFile; fileRef = 7A83150B1D4241FD000F35AE /* FAQController.swift */; };
		7AA084031D5FB9B100B57943 /* Int.swift in Sources */ = {isa = PBXBuildFile; fileRef = 7AA084021D5FB9B100B57943 /* Int.swift */; };
		7AA084041D5FB9B100B57943 /* Int.swift in Sources */ = {isa = PBXBuildFile; fileRef = 7AA084021D5FB9B100B57943 /* Int.swift */; };
		7AA084051D5FB9B100B57943 /* Int.swift in Sources */ = {isa = PBXBuildFile; fileRef = 7AA084021D5FB9B100B57943 /* Int.swift */; };
		7AA084061D5FB9B100B57943 /* Int.swift in Sources */ = {isa = PBXBuildFile; fileRef = 7AA084021D5FB9B100B57943 /* Int.swift */; };
		7AA0840D1D5FBC2700B57943 /* IntTests.swift in Sources */ = {isa = PBXBuildFile; fileRef = 7AA0840C1D5FBC2700B57943 /* IntTests.swift */; };
		7AA0840F1D5FBD7F00B57943 /* InAppPurchaseManager iOS.swift in Sources */ = {isa = PBXBuildFile; fileRef = 7AA0840E1D5FBD7F00B57943 /* InAppPurchaseManager iOS.swift */; };
		7AD1597D1D5793E2009E54EE /* Localizable.strings in Resources */ = {isa = PBXBuildFile; fileRef = 7AD159821D5793E2009E54EE /* Localizable.strings */; };
		7AD1597E1D5793E2009E54EE /* Localizable.strings in Resources */ = {isa = PBXBuildFile; fileRef = 7AD159821D5793E2009E54EE /* Localizable.strings */; };
		7AD1597F1D5793E2009E54EE /* Localizable.strings in Resources */ = {isa = PBXBuildFile; fileRef = 7AD159821D5793E2009E54EE /* Localizable.strings */; };
		7AD159801D5793E2009E54EE /* Localizable.strings in Resources */ = {isa = PBXBuildFile; fileRef = 7AD159821D5793E2009E54EE /* Localizable.strings */; };
		7AD2D56B1D548A3A00CF755F /* VariableToolbar.swift in Sources */ = {isa = PBXBuildFile; fileRef = 7AD2D56A1D548A3A00CF755F /* VariableToolbar.swift */; };
/* End PBXBuildFile section */

/* Begin PBXContainerItemProxy section */
		7A0064E51D3E9BFA0089297D /* PBXContainerItemProxy */ = {
			isa = PBXContainerItemProxy;
			containerPortal = 7A584F7D1D3E23ED000C739B /* Project object */;
			proxyType = 1;
			remoteGlobalIDString = 7A0064C91D3E9AF00089297D;
			remoteInfo = "MBLibrary macOS";
		};
/* End PBXContainerItemProxy section */

/* Begin PBXFileReference section */
		7A0064BC1D3E92D60089297D /* Main iOS.swift */ = {isa = PBXFileReference; fileEncoding = 4; lastKnownFileType = sourcecode.swift; path = "Main iOS.swift"; sourceTree = "<group>"; };
		7A0064CA1D3E9AF00089297D /* MBLibrary.framework */ = {isa = PBXFileReference; explicitFileType = wrapper.framework; includeInIndex = 0; path = MBLibrary.framework; sourceTree = BUILT_PRODUCTS_DIR; };
		7A0064CC1D3E9AF10089297D /* MBLibrary macOS.h */ = {isa = PBXFileReference; lastKnownFileType = sourcecode.c.h; path = "MBLibrary macOS.h"; sourceTree = "<group>"; };
		7A0064CE1D3E9AF10089297D /* Info.plist */ = {isa = PBXFileReference; lastKnownFileType = text.plist.xml; path = Info.plist; sourceTree = "<group>"; };
		7A0064DF1D3E9BFA0089297D /* MBLibraryTests.xctest */ = {isa = PBXFileReference; explicitFileType = wrapper.cfbundle; includeInIndex = 0; path = MBLibraryTests.xctest; sourceTree = BUILT_PRODUCTS_DIR; };
		7A0064E31D3E9BFA0089297D /* Info.plist */ = {isa = PBXFileReference; lastKnownFileType = text.plist.xml; path = Info.plist; sourceTree = "<group>"; };
		7A0064FE1D3EB02B0089297D /* MBLibrary.framework */ = {isa = PBXFileReference; explicitFileType = wrapper.framework; includeInIndex = 0; path = MBLibrary.framework; sourceTree = BUILT_PRODUCTS_DIR; };
		7A0065001D3EB02B0089297D /* MBLibrary watchOS.h */ = {isa = PBXFileReference; lastKnownFileType = sourcecode.c.h; path = "MBLibrary watchOS.h"; sourceTree = "<group>"; };
		7A0065021D3EB02B0089297D /* Info.plist */ = {isa = PBXFileReference; lastKnownFileType = text.plist.xml; path = Info.plist; sourceTree = "<group>"; };
		7A0065251D3EB4FD0089297D /* ComplexTests.swift */ = {isa = PBXFileReference; fileEncoding = 4; lastKnownFileType = sourcecode.swift; path = ComplexTests.swift; sourceTree = "<group>"; };
		7A0065261D3EB4FD0089297D /* StringTests.swift */ = {isa = PBXFileReference; fileEncoding = 4; lastKnownFileType = sourcecode.swift; path = StringTests.swift; sourceTree = "<group>"; };
		7A0065291D3EB5670089297D /* DoubleTests.swift */ = {isa = PBXFileReference; fileEncoding = 4; lastKnownFileType = sourcecode.swift; path = DoubleTests.swift; sourceTree = "<group>"; };
		7A00652E1D3EB9A40089297D /* DateTests.swift */ = {isa = PBXFileReference; fileEncoding = 4; lastKnownFileType = sourcecode.swift; path = DateTests.swift; sourceTree = "<group>"; };
		7A0065301D3EBB270089297D /* TimeIntervalTests.swift */ = {isa = PBXFileReference; fileEncoding = 4; lastKnownFileType = sourcecode.swift; path = TimeIntervalTests.swift; sourceTree = "<group>"; };
		7A0065321D3EBC310089297D /* ArrayTests.swift */ = {isa = PBXFileReference; fileEncoding = 4; lastKnownFileType = sourcecode.swift; path = ArrayTests.swift; sourceTree = "<group>"; };
		7A19E08F1D5753BD009AFD27 /* UIAlertController.swift */ = {isa = PBXFileReference; fileEncoding = 4; lastKnownFileType = sourcecode.swift; path = UIAlertController.swift; sourceTree = "<group>"; };
		7A1ACCFF1D3F973A00411C2C /* TitlelessWindow.swift */ = {isa = PBXFileReference; fileEncoding = 4; lastKnownFileType = sourcecode.swift; path = TitlelessWindow.swift; sourceTree = "<group>"; };
		7A1ACD001D3F973A00411C2C /* MinHeightTextField.swift */ = {isa = PBXFileReference; fileEncoding = 4; lastKnownFileType = sourcecode.swift; path = MinHeightTextField.swift; sourceTree = "<group>"; };
		7A1ACD011D3F973A00411C2C /* FlippedView.swift */ = {isa = PBXFileReference; fileEncoding = 4; lastKnownFileType = sourcecode.swift; path = FlippedView.swift; sourceTree = "<group>"; };
		7A2F5AFF1D3FABFB0012F485 /* PopoverController.swift */ = {isa = PBXFileReference; fileEncoding = 4; lastKnownFileType = sourcecode.swift; path = PopoverController.swift; sourceTree = "<group>"; };
		7A2F5B031D3FB1250012F485 /* EnhancedTextField.swift */ = {isa = PBXFileReference; fileEncoding = 4; lastKnownFileType = sourcecode.swift; path = EnhancedTextField.swift; sourceTree = "<group>"; };
		7A2F5B041D3FB1250012F485 /* SlidingLabel.swift */ = {isa = PBXFileReference; fileEncoding = 4; lastKnownFileType = sourcecode.swift; path = SlidingLabel.swift; sourceTree = "<group>"; };
		7A3994781D3F5C47000665A0 /* DictionaryTests.swift */ = {isa = PBXFileReference; fileEncoding = 4; lastKnownFileType = sourcecode.swift; path = DictionaryTests.swift; sourceTree = "<group>"; };
		7A39947A1D3F5CF8000665A0 /* MiscTests.swift */ = {isa = PBXFileReference; fileEncoding = 4; lastKnownFileType = sourcecode.swift; path = MiscTests.swift; sourceTree = "<group>"; };
		7A3994911D3F5F3D000665A0 /* Array.swift */ = {isa = PBXFileReference; fileEncoding = 4; lastKnownFileType = sourcecode.swift; path = Array.swift; sourceTree = "<group>"; };
		7A3994921D3F5F3D000665A0 /* Complex.swift */ = {isa = PBXFileReference; fileEncoding = 4; lastKnownFileType = sourcecode.swift; path = Complex.swift; sourceTree = "<group>"; };
		7A3994931D3F5F3D000665A0 /* Date.swift */ = {isa = PBXFileReference; fileEncoding = 4; lastKnownFileType = sourcecode.swift; path = Date.swift; sourceTree = "<group>"; };
		7A3994941D3F5F3D000665A0 /* Dictionary.swift */ = {isa = PBXFileReference; fileEncoding = 4; lastKnownFileType = sourcecode.swift; path = Dictionary.swift; sourceTree = "<group>"; };
		7A3994951D3F5F3D000665A0 /* DispatchQueue.swift */ = {isa = PBXFileReference; fileEncoding = 4; lastKnownFileType = sourcecode.swift; path = DispatchQueue.swift; sourceTree = "<group>"; };
		7A3994961D3F5F3D000665A0 /* Double.swift */ = {isa = PBXFileReference; fileEncoding = 4; lastKnownFileType = sourcecode.swift; path = Double.swift; sourceTree = "<group>"; };
		7A3994971D3F5F3D000665A0 /* Main.swift */ = {isa = PBXFileReference; fileEncoding = 4; lastKnownFileType = sourcecode.swift; path = Main.swift; sourceTree = "<group>"; };
		7A3994981D3F5F3D000665A0 /* Misc.swift */ = {isa = PBXFileReference; fileEncoding = 4; lastKnownFileType = sourcecode.swift; path = Misc.swift; sourceTree = "<group>"; };
		7A3994991D3F5F3D000665A0 /* String.swift */ = {isa = PBXFileReference; fileEncoding = 4; lastKnownFileType = sourcecode.swift; path = String.swift; sourceTree = "<group>"; };
		7A39949A1D3F5F3D000665A0 /* TimeInterval.swift */ = {isa = PBXFileReference; fileEncoding = 4; lastKnownFileType = sourcecode.swift; path = TimeInterval.swift; sourceTree = "<group>"; };
		7A4CE39A1D3F734000DAAE70 /* Main iOS & macOS.swift */ = {isa = PBXFileReference; fileEncoding = 4; lastKnownFileType = sourcecode.swift; path = "Main iOS & macOS.swift"; sourceTree = "<group>"; };
		7A4CE3A31D3F73BF00DAAE70 /* NSView.swift */ = {isa = PBXFileReference; fileEncoding = 4; lastKnownFileType = sourcecode.swift; path = NSView.swift; sourceTree = "<group>"; };
		7A4CE3A51D3F73FA00DAAE70 /* NSTextField.swift */ = {isa = PBXFileReference; fileEncoding = 4; lastKnownFileType = sourcecode.swift; path = NSTextField.swift; sourceTree = "<group>"; };
		7A4CE3A71D3F741700DAAE70 /* NSFont.swift */ = {isa = PBXFileReference; fileEncoding = 4; lastKnownFileType = sourcecode.swift; path = NSFont.swift; sourceTree = "<group>"; };
		7A4CE3A91D3F746000DAAE70 /* UIView.swift */ = {isa = PBXFileReference; fileEncoding = 4; lastKnownFileType = sourcecode.swift; path = UIView.swift; sourceTree = "<group>"; };
		7A4CE3AB1D3F748D00DAAE70 /* UILabel.swift */ = {isa = PBXFileReference; fileEncoding = 4; lastKnownFileType = sourcecode.swift; path = UILabel.swift; sourceTree = "<group>"; };
		7A4CE3AD1D3F74BB00DAAE70 /* UIFont.swift */ = {isa = PBXFileReference; fileEncoding = 4; lastKnownFileType = sourcecode.swift; path = UIFont.swift; sourceTree = "<group>"; };
		7A4CE3AF1D3F752800DAAE70 /* KeyValueStore.swift */ = {isa = PBXFileReference; fileEncoding = 4; lastKnownFileType = sourcecode.swift; path = KeyValueStore.swift; sourceTree = "<group>"; };
		7A584FA51D3E241C000C739B /* MBLibrary.framework */ = {isa = PBXFileReference; explicitFileType = wrapper.framework; includeInIndex = 0; path = MBLibrary.framework; sourceTree = BUILT_PRODUCTS_DIR; };
		7A584FA71D3E241C000C739B /* MBLibrary iOS.h */ = {isa = PBXFileReference; lastKnownFileType = sourcecode.c.h; path = "MBLibrary iOS.h"; sourceTree = "<group>"; };
		7A584FA91D3E241C000C739B /* Info.plist */ = {isa = PBXFileReference; lastKnownFileType = text.plist.xml; path = Info.plist; sourceTree = "<group>"; };
		7A75AECE1D5525300034B4EA /* InAppPurchaseManager.swift */ = {isa = PBXFileReference; fileEncoding = 4; lastKnownFileType = sourcecode.swift; path = InAppPurchaseManager.swift; sourceTree = "<group>"; };
		7A75AED21D5525470034B4EA /* StoreKit.framework */ = {isa = PBXFileReference; lastKnownFileType = wrapper.framework; name = StoreKit.framework; path = System/Library/Frameworks/StoreKit.framework; sourceTree = SDKROOT; };
		7A75AED41D55255B0034B4EA /* StoreKit.framework */ = {isa = PBXFileReference; lastKnownFileType = wrapper.framework; name = StoreKit.framework; path = Platforms/MacOSX.platform/Developer/SDKs/MacOSX10.12.sdk/System/Library/Frameworks/StoreKit.framework; sourceTree = DEVELOPER_DIR; };
		7A75FB681D3E61B100F66CF9 /* MinHeightTextView.swift */ = {isa = PBXFileReference; fileEncoding = 4; lastKnownFileType = sourcecode.swift; path = MinHeightTextView.swift; sourceTree = "<group>"; };
		7A83150B1D4241FD000F35AE /* FAQController.swift */ = {isa = PBXFileReference; fileEncoding = 4; lastKnownFileType = sourcecode.swift; path = FAQController.swift; sourceTree = "<group>"; };
		7AA084021D5FB9B100B57943 /* Int.swift */ = {isa = PBXFileReference; fileEncoding = 4; lastKnownFileType = sourcecode.swift; path = Int.swift; sourceTree = "<group>"; };
		7AA0840C1D5FBC2700B57943 /* IntTests.swift */ = {isa = PBXFileReference; fileEncoding = 4; lastKnownFileType = sourcecode.swift; path = IntTests.swift; sourceTree = "<group>"; };
		7AA0840E1D5FBD7F00B57943 /* InAppPurchaseManager iOS.swift */ = {isa = PBXFileReference; fileEncoding = 4; lastKnownFileType = sourcecode.swift; path = "InAppPurchaseManager iOS.swift"; sourceTree = "<group>"; };
		7AD159811D5793E2009E54EE /* Base */ = {isa = PBXFileReference; lastKnownFileType = text.plist.strings; name = Base; path = Base.lproj/Localizable.strings; sourceTree = "<group>"; };
		7AD159831D5793E4009E54EE /* it */ = {isa = PBXFileReference; lastKnownFileType = text.plist.strings; name = it; path = it.lproj/Localizable.strings; sourceTree = "<group>"; };
		7AD2D56A1D548A3A00CF755F /* VariableToolbar.swift */ = {isa = PBXFileReference; fileEncoding = 4; lastKnownFileType = sourcecode.swift; path = VariableToolbar.swift; sourceTree = "<group>"; };
/* End PBXFileReference section */

/* Begin PBXFrameworksBuildPhase section */
		7A0064C61D3E9AF00089297D /* Frameworks */ = {
			isa = PBXFrameworksBuildPhase;
			buildActionMask = 2147483647;
			files = (
				7A75AED51D55255B0034B4EA /* StoreKit.framework in Frameworks */,
			);
			runOnlyForDeploymentPostprocessing = 0;
		};
		7A0064DC1D3E9BFA0089297D /* Frameworks */ = {
			isa = PBXFrameworksBuildPhase;
			buildActionMask = 2147483647;
			files = (
				7A0064E41D3E9BFA0089297D /* MBLibrary.framework in Frameworks */,
			);
			runOnlyForDeploymentPostprocessing = 0;
		};
		7A0064FA1D3EB02B0089297D /* Frameworks */ = {
			isa = PBXFrameworksBuildPhase;
			buildActionMask = 2147483647;
			files = (
			);
			runOnlyForDeploymentPostprocessing = 0;
		};
		7A584FA11D3E241C000C739B /* Frameworks */ = {
			isa = PBXFrameworksBuildPhase;
			buildActionMask = 2147483647;
			files = (
				7A75AED31D5525470034B4EA /* StoreKit.framework in Frameworks */,
			);
			runOnlyForDeploymentPostprocessing = 0;
		};
/* End PBXFrameworksBuildPhase section */

/* Begin PBXGroup section */
		7A0064BB1D3E92B50089297D /* UIKit */ = {
			isa = PBXGroup;
			children = (
				7A4CE3A91D3F746000DAAE70 /* UIView.swift */,
				7A4CE3AB1D3F748D00DAAE70 /* UILabel.swift */,
				7A4CE3AD1D3F74BB00DAAE70 /* UIFont.swift */,
				7A75FB681D3E61B100F66CF9 /* MinHeightTextView.swift */,
				7A2F5AFF1D3FABFB0012F485 /* PopoverController.swift */,
				7A2F5B031D3FB1250012F485 /* EnhancedTextField.swift */,
				7A2F5B041D3FB1250012F485 /* SlidingLabel.swift */,
				7AD2D56A1D548A3A00CF755F /* VariableToolbar.swift */,
				7A19E08F1D5753BD009AFD27 /* UIAlertController.swift */,
			);
			name = UIKit;
			sourceTree = "<group>";
		};
		7A0064CB1D3E9AF10089297D /* MBLibrary macOS */ = {
			isa = PBXGroup;
			children = (
				7A4CE3A21D3F739A00DAAE70 /* Cocoa */,
				7A0064D21D3E9B070089297D /* Supporting Files */,
			);
			path = "MBLibrary macOS";
			sourceTree = "<group>";
		};
		7A0064D21D3E9B070089297D /* Supporting Files */ = {
			isa = PBXGroup;
			children = (
				7A0064CC1D3E9AF10089297D /* MBLibrary macOS.h */,
				7A0064CE1D3E9AF10089297D /* Info.plist */,
			);
			name = "Supporting Files";
			sourceTree = "<group>";
		};
		7A0064E01D3E9BFA0089297D /* MBLibraryTests */ = {
			isa = PBXGroup;
			children = (
				7A0065251D3EB4FD0089297D /* ComplexTests.swift */,
				7A0065261D3EB4FD0089297D /* StringTests.swift */,
				7A0065291D3EB5670089297D /* DoubleTests.swift */,
				7AA0840C1D5FBC2700B57943 /* IntTests.swift */,
				7A00652E1D3EB9A40089297D /* DateTests.swift */,
				7A0065301D3EBB270089297D /* TimeIntervalTests.swift */,
				7A0065321D3EBC310089297D /* ArrayTests.swift */,
				7A3994781D3F5C47000665A0 /* DictionaryTests.swift */,
				7A39947A1D3F5CF8000665A0 /* MiscTests.swift */,
				7A0064E31D3E9BFA0089297D /* Info.plist */,
			);
			path = MBLibraryTests;
			sourceTree = "<group>";
		};
		7A0064FF1D3EB02B0089297D /* MBLibrary watchOS */ = {
			isa = PBXGroup;
			children = (
				7A0065161D3EB0C90089297D /* Supporting Files */,
			);
			path = "MBLibrary watchOS";
			sourceTree = "<group>";
		};
		7A0065161D3EB0C90089297D /* Supporting Files */ = {
			isa = PBXGroup;
			children = (
				7A0065001D3EB02B0089297D /* MBLibrary watchOS.h */,
				7A0065021D3EB02B0089297D /* Info.plist */,
			);
			name = "Supporting Files";
			sourceTree = "<group>";
		};
		7A3994901D3F5F3D000665A0 /* Shared */ = {
			isa = PBXGroup;
			children = (
				7A3994C31D3F5F4D000665A0 /* Foundation */,
				7A3994971D3F5F3D000665A0 /* Main.swift */,
				7A4CE39A1D3F734000DAAE70 /* Main iOS & macOS.swift */,
				7A3994921D3F5F3D000665A0 /* Complex.swift */,
				7A4CE3AF1D3F752800DAAE70 /* KeyValueStore.swift */,
				7A83150B1D4241FD000F35AE /* FAQController.swift */,
				7A75AECE1D5525300034B4EA /* InAppPurchaseManager.swift */,
				7AD159821D5793E2009E54EE /* Localizable.strings */,
			);
			path = Shared;
			sourceTree = "<group>";
		};
		7A3994C31D3F5F4D000665A0 /* Foundation */ = {
			isa = PBXGroup;
			children = (
				7A3994991D3F5F3D000665A0 /* String.swift */,
				7AA084021D5FB9B100B57943 /* Int.swift */,
				7A3994961D3F5F3D000665A0 /* Double.swift */,
				7A3994931D3F5F3D000665A0 /* Date.swift */,
				7A39949A1D3F5F3D000665A0 /* TimeInterval.swift */,
				7A3994951D3F5F3D000665A0 /* DispatchQueue.swift */,
				7A3994911D3F5F3D000665A0 /* Array.swift */,
				7A3994941D3F5F3D000665A0 /* Dictionary.swift */,
				7A3994981D3F5F3D000665A0 /* Misc.swift */,
			);
			name = Foundation;
			sourceTree = "<group>";
		};
		7A4CE3A21D3F739A00DAAE70 /* Cocoa */ = {
			isa = PBXGroup;
			children = (
				7A4CE3A31D3F73BF00DAAE70 /* NSView.swift */,
				7A4CE3A51D3F73FA00DAAE70 /* NSTextField.swift */,
				7A4CE3A71D3F741700DAAE70 /* NSFont.swift */,
				7A1ACCFF1D3F973A00411C2C /* TitlelessWindow.swift */,
				7A1ACD001D3F973A00411C2C /* MinHeightTextField.swift */,
				7A1ACD011D3F973A00411C2C /* FlippedView.swift */,
			);
			name = Cocoa;
			sourceTree = "<group>";
		};
		7A584F7C1D3E23ED000C739B = {
			isa = PBXGroup;
			children = (
				7A3994901D3F5F3D000665A0 /* Shared */,
				7A584FA61D3E241C000C739B /* MBLibrary iOS */,
				7A0064CB1D3E9AF10089297D /* MBLibrary macOS */,
				7A0064FF1D3EB02B0089297D /* MBLibrary watchOS */,
				7A0064E01D3E9BFA0089297D /* MBLibraryTests */,
				7A75AED11D5525470034B4EA /* Frameworks */,
				7A584F871D3E23ED000C739B /* Products */,
			);
			sourceTree = "<group>";
		};
		7A584F871D3E23ED000C739B /* Products */ = {
			isa = PBXGroup;
			children = (
				7A584FA51D3E241C000C739B /* MBLibrary.framework */,
				7A0064CA1D3E9AF00089297D /* MBLibrary.framework */,
				7A0064DF1D3E9BFA0089297D /* MBLibraryTests.xctest */,
				7A0064FE1D3EB02B0089297D /* MBLibrary.framework */,
			);
			name = Products;
			sourceTree = "<group>";
		};
		7A584FA61D3E241C000C739B /* MBLibrary iOS */ = {
			isa = PBXGroup;
			children = (
				7A0064BB1D3E92B50089297D /* UIKit */,
				7A0064BC1D3E92D60089297D /* Main iOS.swift */,
				7AA0840E1D5FBD7F00B57943 /* InAppPurchaseManager iOS.swift */,
				7A75FB671D3E619F00F66CF9 /* Supporting Files */,
			);
			path = "MBLibrary iOS";
			sourceTree = "<group>";
		};
		7A75AED11D5525470034B4EA /* Frameworks */ = {
			isa = PBXGroup;
			children = (
				7A75AED41D55255B0034B4EA /* StoreKit.framework */,
				7A75AED21D5525470034B4EA /* StoreKit.framework */,
			);
			name = Frameworks;
			sourceTree = "<group>";
		};
		7A75FB671D3E619F00F66CF9 /* Supporting Files */ = {
			isa = PBXGroup;
			children = (
				7A584FA71D3E241C000C739B /* MBLibrary iOS.h */,
				7A584FA91D3E241C000C739B /* Info.plist */,
			);
			name = "Supporting Files";
			sourceTree = "<group>";
		};
/* End PBXGroup section */

/* Begin PBXHeadersBuildPhase section */
		7A0064C71D3E9AF00089297D /* Headers */ = {
			isa = PBXHeadersBuildPhase;
			buildActionMask = 2147483647;
			files = (
				7A0064CD1D3E9AF10089297D /* MBLibrary macOS.h in Headers */,
			);
			runOnlyForDeploymentPostprocessing = 0;
		};
		7A0064FB1D3EB02B0089297D /* Headers */ = {
			isa = PBXHeadersBuildPhase;
			buildActionMask = 2147483647;
			files = (
				7A0065011D3EB02B0089297D /* MBLibrary watchOS.h in Headers */,
			);
			runOnlyForDeploymentPostprocessing = 0;
		};
		7A584FA21D3E241C000C739B /* Headers */ = {
			isa = PBXHeadersBuildPhase;
			buildActionMask = 2147483647;
			files = (
				7A584FA81D3E241C000C739B /* MBLibrary iOS.h in Headers */,
			);
			runOnlyForDeploymentPostprocessing = 0;
		};
/* End PBXHeadersBuildPhase section */

/* Begin PBXNativeTarget section */
		7A0064C91D3E9AF00089297D /* MBLibrary macOS */ = {
			isa = PBXNativeTarget;
			buildConfigurationList = 7A0064CF1D3E9AF10089297D /* Build configuration list for PBXNativeTarget "MBLibrary macOS" */;
			buildPhases = (
				7A0064C51D3E9AF00089297D /* Sources */,
				7A0064C61D3E9AF00089297D /* Frameworks */,
				7A0064C71D3E9AF00089297D /* Headers */,
				7A0064C81D3E9AF00089297D /* Resources */,
			);
			buildRules = (
			);
			dependencies = (
			);
			name = "MBLibrary macOS";
			productName = "MBLibrary macOS";
			productReference = 7A0064CA1D3E9AF00089297D /* MBLibrary.framework */;
			productType = "com.apple.product-type.framework";
		};
		7A0064DE1D3E9BFA0089297D /* MBLibraryTests */ = {
			isa = PBXNativeTarget;
			buildConfigurationList = 7A0064E71D3E9BFA0089297D /* Build configuration list for PBXNativeTarget "MBLibraryTests" */;
			buildPhases = (
				7A0064DB1D3E9BFA0089297D /* Sources */,
				7A0064DC1D3E9BFA0089297D /* Frameworks */,
				7A0064DD1D3E9BFA0089297D /* Resources */,
			);
			buildRules = (
			);
			dependencies = (
				7A0064E61D3E9BFA0089297D /* PBXTargetDependency */,
			);
			name = MBLibraryTests;
			productName = MBLibraryTests;
			productReference = 7A0064DF1D3E9BFA0089297D /* MBLibraryTests.xctest */;
			productType = "com.apple.product-type.bundle.unit-test";
		};
		7A0064FD1D3EB02B0089297D /* MBLibrary watchOS */ = {
			isa = PBXNativeTarget;
			buildConfigurationList = 7A0065051D3EB02B0089297D /* Build configuration list for PBXNativeTarget "MBLibrary watchOS" */;
			buildPhases = (
				7A0064F91D3EB02B0089297D /* Sources */,
				7A0064FA1D3EB02B0089297D /* Frameworks */,
				7A0064FB1D3EB02B0089297D /* Headers */,
				7A0064FC1D3EB02B0089297D /* Resources */,
			);
			buildRules = (
			);
			dependencies = (
			);
			name = "MBLibrary watchOS";
			productName = "MBLibrary watchOS";
			productReference = 7A0064FE1D3EB02B0089297D /* MBLibrary.framework */;
			productType = "com.apple.product-type.framework";
		};
		7A584FA41D3E241C000C739B /* MBLibrary iOS */ = {
			isa = PBXNativeTarget;
			buildConfigurationList = 7A584FB61D3E241C000C739B /* Build configuration list for PBXNativeTarget "MBLibrary iOS" */;
			buildPhases = (
				7A584FA01D3E241C000C739B /* Sources */,
				7A584FA11D3E241C000C739B /* Frameworks */,
				7A584FA21D3E241C000C739B /* Headers */,
				7A584FA31D3E241C000C739B /* Resources */,
			);
			buildRules = (
			);
			dependencies = (
			);
			name = "MBLibrary iOS";
			productName = "MBLibrary iOS";
			productReference = 7A584FA51D3E241C000C739B /* MBLibrary.framework */;
			productType = "com.apple.product-type.framework";
		};
/* End PBXNativeTarget section */

/* Begin PBXProject section */
		7A584F7D1D3E23ED000C739B /* Project object */ = {
			isa = PBXProject;
			attributes = {
				LastSwiftUpdateCheck = 0800;
				LastUpgradeCheck = 0800;
				ORGANIZATIONNAME = "Marco Boschi";
				TargetAttributes = {
					7A0064C91D3E9AF00089297D = {
						CreatedOnToolsVersion = 8.0;
						DevelopmentTeam = C8D57YLUAC;
						DevelopmentTeamName = "Marco Boschi";
						LastSwiftMigration = 0800;
						ProvisioningStyle = Automatic;
					};
					7A0064DE1D3E9BFA0089297D = {
						CreatedOnToolsVersion = 8.0;
						DevelopmentTeam = C8D57YLUAC;
						DevelopmentTeamName = "Marco Boschi";
						ProvisioningStyle = Automatic;
					};
					7A0064FD1D3EB02B0089297D = {
						CreatedOnToolsVersion = 8.0;
						DevelopmentTeam = C8D57YLUAC;
						DevelopmentTeamName = "Marco Boschi";
						LastSwiftMigration = 0800;
						ProvisioningStyle = Automatic;
					};
					7A584FA41D3E241C000C739B = {
						CreatedOnToolsVersion = 7.3.1;
						DevelopmentTeam = C8D57YLUAC;
						DevelopmentTeamName = "Marco Boschi";
						LastSwiftMigration = 0800;
					};
				};
			};
			buildConfigurationList = 7A584F801D3E23ED000C739B /* Build configuration list for PBXProject "MBLibrary" */;
			compatibilityVersion = "Xcode 3.2";
			developmentRegion = English;
			hasScannedForEncodings = 0;
			knownRegions = (
				en,
				Base,
				it,
			);
			mainGroup = 7A584F7C1D3E23ED000C739B;
			productRefGroup = 7A584F871D3E23ED000C739B /* Products */;
			projectDirPath = "";
			projectRoot = "";
			targets = (
				7A584FA41D3E241C000C739B /* MBLibrary iOS */,
				7A0064C91D3E9AF00089297D /* MBLibrary macOS */,
				7A0064FD1D3EB02B0089297D /* MBLibrary watchOS */,
				7A0064DE1D3E9BFA0089297D /* MBLibraryTests */,
			);
		};
/* End PBXProject section */

/* Begin PBXResourcesBuildPhase section */
		7A0064C81D3E9AF00089297D /* Resources */ = {
			isa = PBXResourcesBuildPhase;
			buildActionMask = 2147483647;
			files = (
				7AD1597E1D5793E2009E54EE /* Localizable.strings in Resources */,
			);
			runOnlyForDeploymentPostprocessing = 0;
		};
		7A0064DD1D3E9BFA0089297D /* Resources */ = {
			isa = PBXResourcesBuildPhase;
			buildActionMask = 2147483647;
			files = (
				7AD159801D5793E2009E54EE /* Localizable.strings in Resources */,
			);
			runOnlyForDeploymentPostprocessing = 0;
		};
		7A0064FC1D3EB02B0089297D /* Resources */ = {
			isa = PBXResourcesBuildPhase;
			buildActionMask = 2147483647;
			files = (
				7AD1597F1D5793E2009E54EE /* Localizable.strings in Resources */,
			);
			runOnlyForDeploymentPostprocessing = 0;
		};
		7A584FA31D3E241C000C739B /* Resources */ = {
			isa = PBXResourcesBuildPhase;
			buildActionMask = 2147483647;
			files = (
				7AD1597D1D5793E2009E54EE /* Localizable.strings in Resources */,
			);
			runOnlyForDeploymentPostprocessing = 0;
		};
/* End PBXResourcesBuildPhase section */

/* Begin PBXSourcesBuildPhase section */
		7A0064C51D3E9AF00089297D /* Sources */ = {
			isa = PBXSourcesBuildPhase;
			buildActionMask = 2147483647;
			files = (
				7A3994A01D3F5F3D000665A0 /* Complex.swift in Sources */,
				7A1ACD021D3F973A00411C2C /* TitlelessWindow.swift in Sources */,
				7A1ACD031D3F973A00411C2C /* MinHeightTextField.swift in Sources */,
				7AA084041D5FB9B100B57943 /* Int.swift in Sources */,
				7A1ACD041D3F973A00411C2C /* FlippedView.swift in Sources */,
				7A3994C01D3F5F3D000665A0 /* TimeInterval.swift in Sources */,
				7A3994B81D3F5F3D000665A0 /* Misc.swift in Sources */,
				7A3994A81D3F5F3D000665A0 /* Dictionary.swift in Sources */,
				7A3994BC1D3F5F3D000665A0 /* String.swift in Sources */,
				7A4CE3B11D3F752800DAAE70 /* KeyValueStore.swift in Sources */,
				7A4CE39C1D3F734000DAAE70 /* Main iOS & macOS.swift in Sources */,
				7A3994A41D3F5F3D000665A0 /* Date.swift in Sources */,
				7A4CE3A81D3F741700DAAE70 /* NSFont.swift in Sources */,
				7A4CE3A41D3F73BF00DAAE70 /* NSView.swift in Sources */,
				7A83150D1D4241FD000F35AE /* FAQController.swift in Sources */,
				7A3994AC1D3F5F3D000665A0 /* DispatchQueue.swift in Sources */,
				7A3994B01D3F5F3D000665A0 /* Double.swift in Sources */,
				7A3994B41D3F5F3D000665A0 /* Main.swift in Sources */,
				7A39949C1D3F5F3D000665A0 /* Array.swift in Sources */,
				7A4CE3A61D3F73FA00DAAE70 /* NSTextField.swift in Sources */,
				7A0C41C31D55398C0082AEAE /* InAppPurchaseManager.swift in Sources */,
			);
			runOnlyForDeploymentPostprocessing = 0;
		};
		7A0064DB1D3E9BFA0089297D /* Sources */ = {
			isa = PBXSourcesBuildPhase;
			buildActionMask = 2147483647;
			files = (
				7A3994B61D3F5F3D000665A0 /* Main.swift in Sources */,
				7A3994C21D3F5F3D000665A0 /* TimeInterval.swift in Sources */,
				7A3994BA1D3F5F3D000665A0 /* Misc.swift in Sources */,
				7AA084061D5FB9B100B57943 /* Int.swift in Sources */,
				7A39949E1D3F5F3D000665A0 /* Array.swift in Sources */,
				7A0065311D3EBB270089297D /* TimeIntervalTests.swift in Sources */,
				7A4CE3B31D3F752800DAAE70 /* KeyValueStore.swift in Sources */,
				7A00652F1D3EB9A40089297D /* DateTests.swift in Sources */,
				7A3994791D3F5C47000665A0 /* DictionaryTests.swift in Sources */,
				7A4CE39D1D3F734000DAAE70 /* Main iOS & macOS.swift in Sources */,
				7A39947B1D3F5CF8000665A0 /* MiscTests.swift in Sources */,
				7AA0840D1D5FBC2700B57943 /* IntTests.swift in Sources */,
				7A3994AA1D3F5F3D000665A0 /* Dictionary.swift in Sources */,
				7A3994B21D3F5F3D000665A0 /* Double.swift in Sources */,
				7A00652A1D3EB5670089297D /* DoubleTests.swift in Sources */,
				7A0065331D3EBC310089297D /* ArrayTests.swift in Sources */,
				7A0065281D3EB4FD0089297D /* StringTests.swift in Sources */,
				7A3994A61D3F5F3D000665A0 /* Date.swift in Sources */,
				7A3994A21D3F5F3D000665A0 /* Complex.swift in Sources */,
				7A3994BE1D3F5F3D000665A0 /* String.swift in Sources */,
				7A3994AE1D3F5F3D000665A0 /* DispatchQueue.swift in Sources */,
				7A0065271D3EB4FD0089297D /* ComplexTests.swift in Sources */,
			);
			runOnlyForDeploymentPostprocessing = 0;
		};
		7A0064F91D3EB02B0089297D /* Sources */ = {
			isa = PBXSourcesBuildPhase;
			buildActionMask = 2147483647;
			files = (
				7A4CE3B21D3F752800DAAE70 /* KeyValueStore.swift in Sources */,
				7A3994A11D3F5F3D000665A0 /* Complex.swift in Sources */,
				7A3994C11D3F5F3D000665A0 /* TimeInterval.swift in Sources */,
				7AA084051D5FB9B100B57943 /* Int.swift in Sources */,
				7A3994B91D3F5F3D000665A0 /* Misc.swift in Sources */,
				7A3994A91D3F5F3D000665A0 /* Dictionary.swift in Sources */,
				7A3994BD1D3F5F3D000665A0 /* String.swift in Sources */,
				7A3994A51D3F5F3D000665A0 /* Date.swift in Sources */,
				7A3994AD1D3F5F3D000665A0 /* DispatchQueue.swift in Sources */,
				7A3994B11D3F5F3D000665A0 /* Double.swift in Sources */,
				7A3994B51D3F5F3D000665A0 /* Main.swift in Sources */,
				7A39949D1D3F5F3D000665A0 /* Array.swift in Sources */,
			);
			runOnlyForDeploymentPostprocessing = 0;
		};
		7A584FA01D3E241C000C739B /* Sources */ = {
			isa = PBXSourcesBuildPhase;
			buildActionMask = 2147483647;
			files = (
				7A3994B31D3F5F3D000665A0 /* Main.swift in Sources */,
				7A4CE3B01D3F752800DAAE70 /* KeyValueStore.swift in Sources */,
				7A2F5B051D3FB1250012F485 /* EnhancedTextField.swift in Sources */,
				7A3994BF1D3F5F3D000665A0 /* TimeInterval.swift in Sources */,
				7A3994BB1D3F5F3D000665A0 /* String.swift in Sources */,
				7A39949F1D3F5F3D000665A0 /* Complex.swift in Sources */,
				7A3994A31D3F5F3D000665A0 /* Date.swift in Sources */,
				7A3994B71D3F5F3D000665A0 /* Misc.swift in Sources */,
				7A2F5B001D3FABFB0012F485 /* PopoverController.swift in Sources */,
				7A75AECF1D5525300034B4EA /* InAppPurchaseManager.swift in Sources */,
				7A3994AF1D3F5F3D000665A0 /* Double.swift in Sources */,
				7A39949B1D3F5F3D000665A0 /* Array.swift in Sources */,
				7A2F5B061D3FB1250012F485 /* SlidingLabel.swift in Sources */,
				7A75FB691D3E61B100F66CF9 /* MinHeightTextView.swift in Sources */,
				7AA0840F1D5FBD7F00B57943 /* InAppPurchaseManager iOS.swift in Sources */,
				7A0064BD1D3E92D60089297D /* Main iOS.swift in Sources */,
				7A4CE3AC1D3F748D00DAAE70 /* UILabel.swift in Sources */,
				7A19E0901D5753BD009AFD27 /* UIAlertController.swift in Sources */,
				7A4CE3AA1D3F746000DAAE70 /* UIView.swift in Sources */,
				7A4CE3AE1D3F74BB00DAAE70 /* UIFont.swift in Sources */,
				7A83150C1D4241FD000F35AE /* FAQController.swift in Sources */,
				7A4CE39B1D3F734000DAAE70 /* Main iOS & macOS.swift in Sources */,
				7A3994AB1D3F5F3D000665A0 /* DispatchQueue.swift in Sources */,
				7AA084031D5FB9B100B57943 /* Int.swift in Sources */,
				7A3994A71D3F5F3D000665A0 /* Dictionary.swift in Sources */,
				7AD2D56B1D548A3A00CF755F /* VariableToolbar.swift in Sources */,
			);
			runOnlyForDeploymentPostprocessing = 0;
		};
/* End PBXSourcesBuildPhase section */

/* Begin PBXTargetDependency section */
		7A0064E61D3E9BFA0089297D /* PBXTargetDependency */ = {
			isa = PBXTargetDependency;
			target = 7A0064C91D3E9AF00089297D /* MBLibrary macOS */;
			targetProxy = 7A0064E51D3E9BFA0089297D /* PBXContainerItemProxy */;
		};
/* End PBXTargetDependency section */

/* Begin PBXVariantGroup section */
		7AD159821D5793E2009E54EE /* Localizable.strings */ = {
			isa = PBXVariantGroup;
			children = (
				7AD159811D5793E2009E54EE /* Base */,
				7AD159831D5793E4009E54EE /* it */,
			);
			name = Localizable.strings;
			sourceTree = "<group>";
		};
/* End PBXVariantGroup section */

/* Begin XCBuildConfiguration section */
		7A0064D01D3E9AF10089297D /* Debug */ = {
			isa = XCBuildConfiguration;
			buildSettings = {
				APPLICATION_EXTENSION_API_ONLY = YES;
				CLANG_ENABLE_MODULES = YES;
				CLANG_WARN_DOCUMENTATION_COMMENTS = YES;
				CODE_SIGN_IDENTITY = "Mac Developer";
				COMBINE_HIDPI_IMAGES = YES;
				DEFINES_MODULE = YES;
				DYLIB_COMPATIBILITY_VERSION = 1;
				DYLIB_CURRENT_VERSION = 1;
				DYLIB_INSTALL_NAME_BASE = "@rpath";
				FRAMEWORK_VERSION = A;
				INFOPLIST_FILE = "MBLibrary macOS/Info.plist";
				INSTALL_PATH = "$(LOCAL_LIBRARY_DIR)/Frameworks";
				LD_RUNPATH_SEARCH_PATHS = "$(inherited) @executable_path/../Frameworks @loader_path/Frameworks";
				MACOSX_DEPLOYMENT_TARGET = 10.10;
				PRODUCT_BUNDLE_IDENTIFIER = "Marco-Boschi.osx.$(PRODUCT_NAME)";
				PRODUCT_NAME = MBLibrary;
				SDKROOT = macosx;
				SKIP_INSTALL = YES;
				SWIFT_ACTIVE_COMPILATION_CONDITIONS = DEBUG;
				SWIFT_OPTIMIZATION_LEVEL = "-Onone";
				SWIFT_VERSION = 3.0;
			};
			name = Debug;
		};
		7A0064D11D3E9AF10089297D /* Release */ = {
			isa = XCBuildConfiguration;
			buildSettings = {
				APPLICATION_EXTENSION_API_ONLY = YES;
				CLANG_ENABLE_MODULES = YES;
				CLANG_WARN_DOCUMENTATION_COMMENTS = YES;
				CODE_SIGN_IDENTITY = "Mac Developer";
				COMBINE_HIDPI_IMAGES = YES;
				DEFINES_MODULE = YES;
				DYLIB_COMPATIBILITY_VERSION = 1;
				DYLIB_CURRENT_VERSION = 1;
				DYLIB_INSTALL_NAME_BASE = "@rpath";
				FRAMEWORK_VERSION = A;
				INFOPLIST_FILE = "MBLibrary macOS/Info.plist";
				INSTALL_PATH = "$(LOCAL_LIBRARY_DIR)/Frameworks";
				LD_RUNPATH_SEARCH_PATHS = "$(inherited) @executable_path/../Frameworks @loader_path/Frameworks";
				MACOSX_DEPLOYMENT_TARGET = 10.10;
				PRODUCT_BUNDLE_IDENTIFIER = "Marco-Boschi.osx.$(PRODUCT_NAME)";
				PRODUCT_NAME = MBLibrary;
				SDKROOT = macosx;
				SKIP_INSTALL = YES;
				SWIFT_OPTIMIZATION_LEVEL = "-Owholemodule";
				SWIFT_VERSION = 3.0;
			};
			name = Release;
		};
		7A0064E81D3E9BFA0089297D /* Debug */ = {
			isa = XCBuildConfiguration;
			buildSettings = {
				CLANG_WARN_DOCUMENTATION_COMMENTS = YES;
				CODE_SIGN_IDENTITY = "-";
				COMBINE_HIDPI_IMAGES = YES;
				INFOPLIST_FILE = MBLibraryTests/Info.plist;
				LD_RUNPATH_SEARCH_PATHS = "$(inherited) @executable_path/../Frameworks @loader_path/../Frameworks";
				MACOSX_DEPLOYMENT_TARGET = 10.11;
				PRODUCT_BUNDLE_IDENTIFIER = "Marco-Boschi.osx.MBLibraryTests";
				PRODUCT_NAME = "$(TARGET_NAME)";
				SDKROOT = macosx;
				SWIFT_ACTIVE_COMPILATION_CONDITIONS = DEBUG;
				SWIFT_VERSION = 3.0;
			};
			name = Debug;
		};
		7A0064E91D3E9BFA0089297D /* Release */ = {
			isa = XCBuildConfiguration;
			buildSettings = {
				CLANG_WARN_DOCUMENTATION_COMMENTS = YES;
				CODE_SIGN_IDENTITY = "-";
				COMBINE_HIDPI_IMAGES = YES;
				INFOPLIST_FILE = MBLibraryTests/Info.plist;
				LD_RUNPATH_SEARCH_PATHS = "$(inherited) @executable_path/../Frameworks @loader_path/../Frameworks";
				MACOSX_DEPLOYMENT_TARGET = 10.11;
				PRODUCT_BUNDLE_IDENTIFIER = "Marco-Boschi.osx.MBLibraryTests";
				PRODUCT_NAME = "$(TARGET_NAME)";
				SDKROOT = macosx;
				SWIFT_OPTIMIZATION_LEVEL = "-Owholemodule";
				SWIFT_VERSION = 3.0;
			};
			name = Release;
		};
		7A0065031D3EB02B0089297D /* Debug */ = {
			isa = XCBuildConfiguration;
			buildSettings = {
				APPLICATION_EXTENSION_API_ONLY = YES;
				CLANG_ENABLE_MODULES = YES;
				CLANG_WARN_DOCUMENTATION_COMMENTS = YES;
				DEFINES_MODULE = YES;
				DYLIB_COMPATIBILITY_VERSION = 1;
				DYLIB_CURRENT_VERSION = 1;
				DYLIB_INSTALL_NAME_BASE = "@rpath";
				INFOPLIST_FILE = "MBLibrary watchOS/Info.plist";
				INSTALL_PATH = "$(LOCAL_LIBRARY_DIR)/Frameworks";
				LD_RUNPATH_SEARCH_PATHS = "$(inherited) @executable_path/Frameworks @loader_path/Frameworks";
				PRODUCT_BUNDLE_IDENTIFIER = "Marco-Boschi.watch.$(PRODUCT_NAME)";
				PRODUCT_NAME = MBLibrary;
				SDKROOT = watchos;
				SKIP_INSTALL = YES;
				SWIFT_ACTIVE_COMPILATION_CONDITIONS = DEBUG;
				SWIFT_OPTIMIZATION_LEVEL = "-Onone";
				SWIFT_VERSION = 3.0;
				TARGETED_DEVICE_FAMILY = 4;
				WATCHOS_DEPLOYMENT_TARGET = 2.0;
			};
			name = Debug;
		};
		7A0065041D3EB02B0089297D /* Release */ = {
			isa = XCBuildConfiguration;
			buildSettings = {
				APPLICATION_EXTENSION_API_ONLY = YES;
				CLANG_ENABLE_MODULES = YES;
				CLANG_WARN_DOCUMENTATION_COMMENTS = YES;
				DEFINES_MODULE = YES;
				DYLIB_COMPATIBILITY_VERSION = 1;
				DYLIB_CURRENT_VERSION = 1;
				DYLIB_INSTALL_NAME_BASE = "@rpath";
				INFOPLIST_FILE = "MBLibrary watchOS/Info.plist";
				INSTALL_PATH = "$(LOCAL_LIBRARY_DIR)/Frameworks";
				LD_RUNPATH_SEARCH_PATHS = "$(inherited) @executable_path/Frameworks @loader_path/Frameworks";
				PRODUCT_BUNDLE_IDENTIFIER = "Marco-Boschi.watch.$(PRODUCT_NAME)";
				PRODUCT_NAME = MBLibrary;
				SDKROOT = watchos;
				SKIP_INSTALL = YES;
				SWIFT_OPTIMIZATION_LEVEL = "-Owholemodule";
				SWIFT_VERSION = 3.0;
				TARGETED_DEVICE_FAMILY = 4;
				WATCHOS_DEPLOYMENT_TARGET = 2.0;
			};
			name = Release;
		};
		7A584F981D3E23ED000C739B /* Debug */ = {
			isa = XCBuildConfiguration;
			buildSettings = {
				ALWAYS_SEARCH_USER_PATHS = NO;
				CLANG_ANALYZER_LOCALIZABILITY_NONLOCALIZED = YES;
				CLANG_ANALYZER_NONNULL = YES;
				CLANG_CXX_LANGUAGE_STANDARD = "gnu++0x";
				CLANG_CXX_LIBRARY = "libc++";
				CLANG_ENABLE_MODULES = YES;
				CLANG_ENABLE_OBJC_ARC = YES;
				CLANG_WARN_BOOL_CONVERSION = YES;
				CLANG_WARN_CONSTANT_CONVERSION = YES;
				CLANG_WARN_DIRECT_OBJC_ISA_USAGE = YES_ERROR;
				CLANG_WARN_EMPTY_BODY = YES;
				CLANG_WARN_ENUM_CONVERSION = YES;
				CLANG_WARN_INT_CONVERSION = YES;
				CLANG_WARN_OBJC_ROOT_CLASS = YES_ERROR;
				CLANG_WARN_UNREACHABLE_CODE = YES;
				CLANG_WARN__DUPLICATE_METHOD_MATCH = YES;
				"CODE_SIGN_IDENTITY[sdk=iphoneos*]" = "iPhone Developer";
				COPY_PHASE_STRIP = NO;
				CURRENT_PROJECT_VERSION = 1;
				DEBUG_INFORMATION_FORMAT = dwarf;
				ENABLE_STRICT_OBJC_MSGSEND = YES;
				ENABLE_TESTABILITY = YES;
				GCC_C_LANGUAGE_STANDARD = gnu99;
				GCC_DYNAMIC_NO_PIC = NO;
				GCC_NO_COMMON_BLOCKS = YES;
				GCC_OPTIMIZATION_LEVEL = 0;
				GCC_PREPROCESSOR_DEFINITIONS = (
					"DEBUG=1",
					"$(inherited)",
				);
				GCC_WARN_64_TO_32_BIT_CONVERSION = YES;
				GCC_WARN_ABOUT_RETURN_TYPE = YES_ERROR;
				GCC_WARN_UNDECLARED_SELECTOR = YES;
				GCC_WARN_UNINITIALIZED_AUTOS = YES_AGGRESSIVE;
				GCC_WARN_UNUSED_FUNCTION = YES;
				GCC_WARN_UNUSED_VARIABLE = YES;
				IPHONEOS_DEPLOYMENT_TARGET = 8.0;
				MACOSX_DEPLOYMENT_TARGET = 10.10;
				MTL_ENABLE_DEBUG_INFO = YES;
				ONLY_ACTIVE_ARCH = YES;
				SDKROOT = iphoneos;
				SWIFT_OPTIMIZATION_LEVEL = "-Onone";
				TARGETED_DEVICE_FAMILY = "1,2";
				VERSIONING_SYSTEM = "apple-generic";
				VERSION_INFO_PREFIX = "";
			};
			name = Debug;
		};
		7A584F991D3E23ED000C739B /* Release */ = {
			isa = XCBuildConfiguration;
			buildSettings = {
				ALWAYS_SEARCH_USER_PATHS = NO;
				CLANG_ANALYZER_LOCALIZABILITY_NONLOCALIZED = YES;
				CLANG_ANALYZER_NONNULL = YES;
				CLANG_CXX_LANGUAGE_STANDARD = "gnu++0x";
				CLANG_CXX_LIBRARY = "libc++";
				CLANG_ENABLE_MODULES = YES;
				CLANG_ENABLE_OBJC_ARC = YES;
				CLANG_WARN_BOOL_CONVERSION = YES;
				CLANG_WARN_CONSTANT_CONVERSION = YES;
				CLANG_WARN_DIRECT_OBJC_ISA_USAGE = YES_ERROR;
				CLANG_WARN_EMPTY_BODY = YES;
				CLANG_WARN_ENUM_CONVERSION = YES;
				CLANG_WARN_INT_CONVERSION = YES;
				CLANG_WARN_OBJC_ROOT_CLASS = YES_ERROR;
				CLANG_WARN_UNREACHABLE_CODE = YES;
				CLANG_WARN__DUPLICATE_METHOD_MATCH = YES;
				"CODE_SIGN_IDENTITY[sdk=iphoneos*]" = "iPhone Developer";
				COPY_PHASE_STRIP = NO;
				CURRENT_PROJECT_VERSION = 1;
				DEBUG_INFORMATION_FORMAT = "dwarf-with-dsym";
				ENABLE_NS_ASSERTIONS = NO;
				ENABLE_STRICT_OBJC_MSGSEND = YES;
				GCC_C_LANGUAGE_STANDARD = gnu99;
				GCC_NO_COMMON_BLOCKS = YES;
				GCC_WARN_64_TO_32_BIT_CONVERSION = YES;
				GCC_WARN_ABOUT_RETURN_TYPE = YES_ERROR;
				GCC_WARN_UNDECLARED_SELECTOR = YES;
				GCC_WARN_UNINITIALIZED_AUTOS = YES_AGGRESSIVE;
				GCC_WARN_UNUSED_FUNCTION = YES;
				GCC_WARN_UNUSED_VARIABLE = YES;
				IPHONEOS_DEPLOYMENT_TARGET = 8.0;
				MACOSX_DEPLOYMENT_TARGET = 10.10;
				MTL_ENABLE_DEBUG_INFO = NO;
				SDKROOT = iphoneos;
				TARGETED_DEVICE_FAMILY = "1,2";
				VALIDATE_PRODUCT = YES;
				VERSIONING_SYSTEM = "apple-generic";
				VERSION_INFO_PREFIX = "";
			};
			name = Release;
		};
		7A584FB71D3E241C000C739B /* Debug */ = {
			isa = XCBuildConfiguration;
			buildSettings = {
				APPLICATION_EXTENSION_API_ONLY = YES;
				CLANG_ENABLE_MODULES = YES;
				DEFINES_MODULE = YES;
				DYLIB_COMPATIBILITY_VERSION = 1;
				DYLIB_CURRENT_VERSION = 1;
				DYLIB_INSTALL_NAME_BASE = "@rpath";
				INFOPLIST_FILE = "MBLibrary iOS/Info.plist";
				INSTALL_PATH = "$(LOCAL_LIBRARY_DIR)/Frameworks";
				IPHONEOS_DEPLOYMENT_TARGET = 8.0;
				LD_RUNPATH_SEARCH_PATHS = "$(inherited) @executable_path/Frameworks @loader_path/Frameworks";
				PRODUCT_BUNDLE_IDENTIFIER = "Marco-Boschi.ios.$(PRODUCT_NAME)";
				PRODUCT_NAME = MBLibrary;
				SKIP_INSTALL = YES;
				SWIFT_OPTIMIZATION_LEVEL = "-Onone";
				SWIFT_VERSION = 3.0;
			};
			name = Debug;
		};
		7A584FB81D3E241C000C739B /* Release */ = {
			isa = XCBuildConfiguration;
			buildSettings = {
				APPLICATION_EXTENSION_API_ONLY = YES;
				CLANG_ENABLE_MODULES = YES;
				DEFINES_MODULE = YES;
				DYLIB_COMPATIBILITY_VERSION = 1;
				DYLIB_CURRENT_VERSION = 1;
				DYLIB_INSTALL_NAME_BASE = "@rpath";
				INFOPLIST_FILE = "MBLibrary iOS/Info.plist";
				INSTALL_PATH = "$(LOCAL_LIBRARY_DIR)/Frameworks";
				IPHONEOS_DEPLOYMENT_TARGET = 8.0;
				LD_RUNPATH_SEARCH_PATHS = "$(inherited) @executable_path/Frameworks @loader_path/Frameworks";
				PRODUCT_BUNDLE_IDENTIFIER = "Marco-Boschi.ios.$(PRODUCT_NAME)";
				PRODUCT_NAME = MBLibrary;
				SKIP_INSTALL = YES;
				SWIFT_OPTIMIZATION_LEVEL = "-Owholemodule";
				SWIFT_VERSION = 3.0;
			};
			name = Release;
		};
/* End XCBuildConfiguration section */

/* Begin XCConfigurationList section */
		7A0064CF1D3E9AF10089297D /* Build configuration list for PBXNativeTarget "MBLibrary macOS" */ = {
			isa = XCConfigurationList;
			buildConfigurations = (
				7A0064D01D3E9AF10089297D /* Debug */,
				7A0064D11D3E9AF10089297D /* Release */,
			);
			defaultConfigurationIsVisible = 0;
			defaultConfigurationName = Release;
		};
		7A0064E71D3E9BFA0089297D /* Build configuration list for PBXNativeTarget "MBLibraryTests" */ = {
			isa = XCConfigurationList;
			buildConfigurations = (
				7A0064E81D3E9BFA0089297D /* Debug */,
				7A0064E91D3E9BFA0089297D /* Release */,
			);
			defaultConfigurationIsVisible = 0;
			defaultConfigurationName = Release;
		};
		7A0065051D3EB02B0089297D /* Build configuration list for PBXNativeTarget "MBLibrary watchOS" */ = {
			isa = XCConfigurationList;
			buildConfigurations = (
				7A0065031D3EB02B0089297D /* Debug */,
				7A0065041D3EB02B0089297D /* Release */,
			);
			defaultConfigurationIsVisible = 0;
			defaultConfigurationName = Release;
		};
		7A584F801D3E23ED000C739B /* Build configuration list for PBXProject "MBLibrary" */ = {
			isa = XCConfigurationList;
			buildConfigurations = (
				7A584F981D3E23ED000C739B /* Debug */,
				7A584F991D3E23ED000C739B /* Release */,
			);
			defaultConfigurationIsVisible = 0;
			defaultConfigurationName = Release;
		};
		7A584FB61D3E241C000C739B /* Build configuration list for PBXNativeTarget "MBLibrary iOS" */ = {
			isa = XCConfigurationList;
			buildConfigurations = (
				7A584FB71D3E241C000C739B /* Debug */,
				7A584FB81D3E241C000C739B /* Release */,
			);
			defaultConfigurationIsVisible = 0;
			defaultConfigurationName = Release;
		};
/* End XCConfigurationList section */
	};
	rootObject = 7A584F7D1D3E23ED000C739B /* Project object */;
}
